
Microsoft Visual Studio Solution File, Format Version 12.00
# Visual Studio 15
VisualStudioVersion = 15.0.28307.902
MinimumVisualStudioVersion = 10.0.40219.1
Project("{FAE04EC0-301F-11D3-BF4B-00C04F79EFBC}") = "ConsoleAppServer", "ConsoleAppServer\ConsoleAppServer.csproj", "{B481E911-2DB7-42AA-A167-9411E16BAB9F}"
EndProject
Project("{FAE04EC0-301F-11D3-BF4B-00C04F79EFBC}") = "EchoClient", "..\EchoClient\EchoClient.csproj", "{4F184806-0D0D-4BF3-9E56-D32393F9014E}"
EndProject
Project("{FAE04EC0-301F-11D3-BF4B-00C04F79EFBC}") = "EchoServer", "EchoServer\EchoServer.csproj", "{3C5C2F9E-CD0B-4A64-B2AE-D2BE1B43ADB4}"
EndProject
Global
	GlobalSection(SolutionConfigurationPlatforms) = preSolution
		Debug|Any CPU = Debug|Any CPU
		Release|Any CPU = Release|Any CPU
	EndGlobalSection
	GlobalSection(ProjectConfigurationPlatforms) = postSolution
		{B481E911-2DB7-42AA-A167-9411E16BAB9F}.Debug|Any CPU.ActiveCfg = Debug|Any CPU
		{B481E911-2DB7-42AA-A167-9411E16BAB9F}.Debug|Any CPU.Build.0 = Debug|Any CPU
		{B481E911-2DB7-42AA-A167-9411E16BAB9F}.Release|Any CPU.ActiveCfg = Release|Any CPU
		{B481E911-2DB7-42AA-A167-9411E16BAB9F}.Release|Any CPU.Build.0 = Release|Any CPU
		{4F184806-0D0D-4BF3-9E56-D32393F9014E}.Debug|Any CPU.ActiveCfg = Debug|Any CPU
		{4F184806-0D0D-4BF3-9E56-D32393F9014E}.Debug|Any CPU.Build.0 = Debug|Any CPU
		{4F184806-0D0D-4BF3-9E56-D32393F9014E}.Release|Any CPU.ActiveCfg = Release|Any CPU
		{4F184806-0D0D-4BF3-9E56-D32393F9014E}.Release|Any CPU.Build.0 = Release|Any CPU
		{3C5C2F9E-CD0B-4A64-B2AE-D2BE1B43ADB4}.Debug|Any CPU.ActiveCfg = Debug|Any CPU
		{3C5C2F9E-CD0B-4A64-B2AE-D2BE1B43ADB4}.Debug|Any CPU.Build.0 = Debug|Any CPU
		{3C5C2F9E-CD0B-4A64-B2AE-D2BE1B43ADB4}.Release|Any CPU.ActiveCfg = Release|Any CPU
		{3C5C2F9E-CD0B-4A64-B2AE-D2BE1B43ADB4}.Release|Any CPU.Build.0 = Release|Any CPU
	EndGlobalSection
	GlobalSection(SolutionProperties) = preSolution
		HideSolutionNode = FALSE
	EndGlobalSection
	GlobalSection(ExtensibilityGlobals) = postSolution
		SolutionGuid = {A1B8C4CB-D4A2-4F07-858A-EA0154C09940}
	EndGlobalSection
EndGlobal
