
Microsoft Visual Studio Solution File, Format Version 12.00
# Visual Studio 15
VisualStudioVersion = 15.0.28307.1022
MinimumVisualStudioVersion = 10.0.40219.1
Project("{9A19103F-16F7-4668-BE54-9A1E7A4F7556}") = "EDMXapp", "EDMXapp\EDMXapp.csproj", "{13141041-3777-4097-8ADC-E2C5C07CE66E}"
EndProject
Project("{FAE04EC0-301F-11D3-BF4B-00C04F79EFBC}") = "WebApplication1", "WebApplication1\WebApplication1.csproj", "{EB9FBB02-C0B6-4F1B-A288-DED789EA3D3E}"
EndProject
Global
	GlobalSection(SolutionConfigurationPlatforms) = preSolution
		Debug|Any CPU = Debug|Any CPU
		Release|Any CPU = Release|Any CPU
	EndGlobalSection
	GlobalSection(ProjectConfigurationPlatforms) = postSolution
		{13141041-3777-4097-8ADC-E2C5C07CE66E}.Debug|Any CPU.ActiveCfg = Debug|Any CPU
		{13141041-3777-4097-8ADC-E2C5C07CE66E}.Debug|Any CPU.Build.0 = Debug|Any CPU
		{13141041-3777-4097-8ADC-E2C5C07CE66E}.Release|Any CPU.ActiveCfg = Release|Any CPU
		{13141041-3777-4097-8ADC-E2C5C07CE66E}.Release|Any CPU.Build.0 = Release|Any CPU
		{EB9FBB02-C0B6-4F1B-A288-DED789EA3D3E}.Debug|Any CPU.ActiveCfg = Debug|Any CPU
		{EB9FBB02-C0B6-4F1B-A288-DED789EA3D3E}.Debug|Any CPU.Build.0 = Debug|Any CPU
		{EB9FBB02-C0B6-4F1B-A288-DED789EA3D3E}.Release|Any CPU.ActiveCfg = Release|Any CPU
		{EB9FBB02-C0B6-4F1B-A288-DED789EA3D3E}.Release|Any CPU.Build.0 = Release|Any CPU
	EndGlobalSection
	GlobalSection(SolutionProperties) = preSolution
		HideSolutionNode = FALSE
	EndGlobalSection
	GlobalSection(ExtensibilityGlobals) = postSolution
		SolutionGuid = {0A530659-3EDF-4579-A239-1E5950E4176C}
	EndGlobalSection
EndGlobal
