
Microsoft Visual Studio Solution File, Format Version 12.00
# Visual Studio 15
VisualStudioVersion = 15.0.28307.1022
MinimumVisualStudioVersion = 10.0.40219.1
Project("{FAE04EC0-301F-11D3-BF4B-00C04F79EFBC}") = "StudinAPI", "StudinAPI\StudinAPI.csproj", "{3C9B0723-86D4-49CF-8197-B1B35F65F7BD}"
EndProject
Project("{FAE04EC0-301F-11D3-BF4B-00C04F79EFBC}") = "StudinAPI.Tests", "StudinAPI.Tests\StudinAPI.Tests.csproj", "{D37A3941-2DF4-46FB-9B76-11963ABE19B9}"
EndProject
Global
	GlobalSection(SolutionConfigurationPlatforms) = preSolution
		Debug|Any CPU = Debug|Any CPU
		Release|Any CPU = Release|Any CPU
	EndGlobalSection
	GlobalSection(ProjectConfigurationPlatforms) = postSolution
		{3C9B0723-86D4-49CF-8197-B1B35F65F7BD}.Debug|Any CPU.ActiveCfg = Debug|Any CPU
		{3C9B0723-86D4-49CF-8197-B1B35F65F7BD}.Debug|Any CPU.Build.0 = Debug|Any CPU
		{3C9B0723-86D4-49CF-8197-B1B35F65F7BD}.Release|Any CPU.ActiveCfg = Release|Any CPU
		{3C9B0723-86D4-49CF-8197-B1B35F65F7BD}.Release|Any CPU.Build.0 = Release|Any CPU
		{D37A3941-2DF4-46FB-9B76-11963ABE19B9}.Debug|Any CPU.ActiveCfg = Debug|Any CPU
		{D37A3941-2DF4-46FB-9B76-11963ABE19B9}.Debug|Any CPU.Build.0 = Debug|Any CPU
		{D37A3941-2DF4-46FB-9B76-11963ABE19B9}.Release|Any CPU.ActiveCfg = Release|Any CPU
		{D37A3941-2DF4-46FB-9B76-11963ABE19B9}.Release|Any CPU.Build.0 = Release|Any CPU
	EndGlobalSection
	GlobalSection(SolutionProperties) = preSolution
		HideSolutionNode = FALSE
	EndGlobalSection
	GlobalSection(ExtensibilityGlobals) = postSolution
		SolutionGuid = {2ED325AE-D502-4FF6-828F-72D25A9D4A90}
	EndGlobalSection
EndGlobal
