
Microsoft Visual Studio Solution File, Format Version 12.00
# Visual Studio 15
VisualStudioVersion = 15.0.28307.902
MinimumVisualStudioVersion = 10.0.40219.1
Project("{FAE04EC0-301F-11D3-BF4B-00C04F79EFBC}") = "UsingBook", "UsingBook\UsingBook.csproj", "{FB74E780-09A7-414C-8753-9E9F806E67CC}"
EndProject
Global
	GlobalSection(SolutionConfigurationPlatforms) = preSolution
		Debug|Any CPU = Debug|Any CPU
		Release|Any CPU = Release|Any CPU
	EndGlobalSection
	GlobalSection(ProjectConfigurationPlatforms) = postSolution
		{FB74E780-09A7-414C-8753-9E9F806E67CC}.Debug|Any CPU.ActiveCfg = Debug|Any CPU
		{FB74E780-09A7-414C-8753-9E9F806E67CC}.Debug|Any CPU.Build.0 = Debug|Any CPU
		{FB74E780-09A7-414C-8753-9E9F806E67CC}.Release|Any CPU.ActiveCfg = Release|Any CPU
		{FB74E780-09A7-414C-8753-9E9F806E67CC}.Release|Any CPU.Build.0 = Release|Any CPU
	EndGlobalSection
	GlobalSection(SolutionProperties) = preSolution
		HideSolutionNode = FALSE
	EndGlobalSection
	GlobalSection(ExtensibilityGlobals) = postSolution
		SolutionGuid = {67411F86-9C7A-43D3-9A27-8C8306B187B0}
	EndGlobalSection
EndGlobal
