
Microsoft Visual Studio Solution File, Format Version 12.00
# Visual Studio 15
VisualStudioVersion = 15.0.28307.1082
MinimumVisualStudioVersion = 10.0.40219.1
Project("{FAE04EC0-301F-11D3-BF4B-00C04F79EFBC}") = "StudinFinal", "StudinFinal.csproj", "{FEF14A43-360A-4287-A9AF-C8829360492F}"
EndProject
Project("{FAE04EC0-301F-11D3-BF4B-00C04F79EFBC}") = "StudinFinalApi", "..\StudinFinalApi\StudinFinalApi.csproj", "{46036B17-1894-4676-9969-8FCDBECB06B3}"
EndProject
Global
	GlobalSection(SolutionConfigurationPlatforms) = preSolution
		Debug|Any CPU = Debug|Any CPU
		Release|Any CPU = Release|Any CPU
	EndGlobalSection
	GlobalSection(ProjectConfigurationPlatforms) = postSolution
		{FEF14A43-360A-4287-A9AF-C8829360492F}.Debug|Any CPU.ActiveCfg = Debug|Any CPU
		{FEF14A43-360A-4287-A9AF-C8829360492F}.Debug|Any CPU.Build.0 = Debug|Any CPU
		{FEF14A43-360A-4287-A9AF-C8829360492F}.Release|Any CPU.ActiveCfg = Release|Any CPU
		{FEF14A43-360A-4287-A9AF-C8829360492F}.Release|Any CPU.Build.0 = Release|Any CPU
		{46036B17-1894-4676-9969-8FCDBECB06B3}.Debug|Any CPU.ActiveCfg = Debug|Any CPU
		{46036B17-1894-4676-9969-8FCDBECB06B3}.Debug|Any CPU.Build.0 = Debug|Any CPU
		{46036B17-1894-4676-9969-8FCDBECB06B3}.Release|Any CPU.ActiveCfg = Release|Any CPU
		{46036B17-1894-4676-9969-8FCDBECB06B3}.Release|Any CPU.Build.0 = Release|Any CPU
	EndGlobalSection
	GlobalSection(SolutionProperties) = preSolution
		HideSolutionNode = FALSE
	EndGlobalSection
	GlobalSection(ExtensibilityGlobals) = postSolution
		SolutionGuid = {F4598653-6BA5-4E91-BD19-61F45808CEE5}
	EndGlobalSection
EndGlobal
